
Microsoft Visual Studio Solution File, Format Version 12.00
# Visual Studio Version 17
VisualStudioVersion = 17.3.32901.215
MinimumVisualStudioVersion = 10.0.40219.1
Project("{FAE04EC0-301F-11D3-BF4B-00C04F79EFBC}") = "L7_Fernando Chacon_1162821", "L7_Fernando Chacon_1162821\L7_Fernando Chacon_1162821.csproj", "{401389E5-7A92-4AA1-A128-23D2E97DC663}"
EndProject
Global
	GlobalSection(SolutionConfigurationPlatforms) = preSolution
		Debug|Any CPU = Debug|Any CPU
		Release|Any CPU = Release|Any CPU
	EndGlobalSection
	GlobalSection(ProjectConfigurationPlatforms) = postSolution
		{401389E5-7A92-4AA1-A128-23D2E97DC663}.Debug|Any CPU.ActiveCfg = Debug|Any CPU
		{401389E5-7A92-4AA1-A128-23D2E97DC663}.Debug|Any CPU.Build.0 = Debug|Any CPU
		{401389E5-7A92-4AA1-A128-23D2E97DC663}.Release|Any CPU.ActiveCfg = Release|Any CPU
		{401389E5-7A92-4AA1-A128-23D2E97DC663}.Release|Any CPU.Build.0 = Release|Any CPU
	EndGlobalSection
	GlobalSection(SolutionProperties) = preSolution
		HideSolutionNode = FALSE
	EndGlobalSection
	GlobalSection(ExtensibilityGlobals) = postSolution
		SolutionGuid = {8378398F-1394-4981-8DC2-9C1E067F052A}
	EndGlobalSection
EndGlobal
